
Microsoft Visual Studio Solution File, Format Version 12.00
# Visual Studio Version 17
VisualStudioVersion = 17.9.34622.214
MinimumVisualStudioVersion = 10.0.40219.1
Project("{FAE04EC0-301F-11D3-BF4B-00C04F79EFBC}") = "DZ_figure", "DZ_figure\DZ_figure.csproj", "{52A7BBC9-78EC-4B92-AC08-8B41B040926D}"
EndProject
Global
	GlobalSection(SolutionConfigurationPlatforms) = preSolution
		Debug|Any CPU = Debug|Any CPU
		Release|Any CPU = Release|Any CPU
	EndGlobalSection
	GlobalSection(ProjectConfigurationPlatforms) = postSolution
		{52A7BBC9-78EC-4B92-AC08-8B41B040926D}.Debug|Any CPU.ActiveCfg = Debug|Any CPU
		{52A7BBC9-78EC-4B92-AC08-8B41B040926D}.Debug|Any CPU.Build.0 = Debug|Any CPU
		{52A7BBC9-78EC-4B92-AC08-8B41B040926D}.Release|Any CPU.ActiveCfg = Release|Any CPU
		{52A7BBC9-78EC-4B92-AC08-8B41B040926D}.Release|Any CPU.Build.0 = Release|Any CPU
	EndGlobalSection
	GlobalSection(SolutionProperties) = preSolution
		HideSolutionNode = FALSE
	EndGlobalSection
	GlobalSection(ExtensibilityGlobals) = postSolution
		SolutionGuid = {DB87494A-B982-4F42-B8B8-EB8409D0274F}
	EndGlobalSection
EndGlobal
